
Microsoft Visual Studio Solution File, Format Version 12.00
# Visual Studio Version 16
VisualStudioVersion = 16.0.31729.503
MinimumVisualStudioVersion = 10.0.40219.1
Project("{FAE04EC0-301F-11D3-BF4B-00C04F79EFBC}") = "ADOPET", "WebApplication2\ADOPET.csproj", "{57404234-CB45-427E-8101-F4CC693F94BE}"
EndProject
Global
	GlobalSection(SolutionConfigurationPlatforms) = preSolution
		Debug|Any CPU = Debug|Any CPU
		Release|Any CPU = Release|Any CPU
	EndGlobalSection
	GlobalSection(ProjectConfigurationPlatforms) = postSolution
		{57404234-CB45-427E-8101-F4CC693F94BE}.Debug|Any CPU.ActiveCfg = Debug|Any CPU
		{57404234-CB45-427E-8101-F4CC693F94BE}.Debug|Any CPU.Build.0 = Debug|Any CPU
		{57404234-CB45-427E-8101-F4CC693F94BE}.Release|Any CPU.ActiveCfg = Release|Any CPU
		{57404234-CB45-427E-8101-F4CC693F94BE}.Release|Any CPU.Build.0 = Release|Any CPU
	EndGlobalSection
	GlobalSection(SolutionProperties) = preSolution
		HideSolutionNode = FALSE
	EndGlobalSection
	GlobalSection(ExtensibilityGlobals) = postSolution
		SolutionGuid = {AF644ADE-3C71-4666-B051-9F05C5685FAE}
	EndGlobalSection
EndGlobal
